
Microsoft Visual Studio Solution File, Format Version 12.00
# Visual Studio Version 16
VisualStudioVersion = 16.0.32510.428
MinimumVisualStudioVersion = 10.0.40219.1
Project("{FAE04EC0-301F-11D3-BF4B-00C04F79EFBC}") = "CrosshairOverlay", "CrosshairOverlay.csproj", "{D3786839-3187-4D78-A17C-81E6C461FD9C}"
EndProject
Global
	GlobalSection(SolutionConfigurationPlatforms) = preSolution
		Debug|x64 = Debug|x64
		Release|x64 = Release|x64
	EndGlobalSection
	GlobalSection(ProjectConfigurationPlatforms) = postSolution
		{D3786839-3187-4D78-A17C-81E6C461FD9C}.Debug|x64.ActiveCfg = Debug|x64
		{D3786839-3187-4D78-A17C-81E6C461FD9C}.Debug|x64.Build.0 = Debug|x64
		{D3786839-3187-4D78-A17C-81E6C461FD9C}.Release|x64.ActiveCfg = Release|x64
		{D3786839-3187-4D78-A17C-81E6C461FD9C}.Release|x64.Build.0 = Release|x64
	EndGlobalSection
	GlobalSection(SolutionProperties) = preSolution
		HideSolutionNode = FALSE
	EndGlobalSection
	GlobalSection(ExtensibilityGlobals) = postSolution
		        SolutionGuid = {0232660A-CB2A-4F48-AB5C-8FAAC70F97E5}
		SolutionGuid = {8F79995E-8ED5-46C5-AC0A-EAE316A14EA5}
	EndGlobalSection
EndGlobal
